{
	"version": 4,
	"terraform_version": "1.2.6",
	"serial": 1,
	"lineage": "d8a0795f-cfa0-9217-640b-a20a91602db9",
	"outputs": {},
	"resources": [
		{
			"mode": "managed",
			"type": "local_file",
			"name": "foo",
			"provider": "provider[\"registry.terraform.io/hashicorp/local\"]",
			"instances": [
				{
					"schema_version": 0,
					"attributes": {
						"content": "ENC[AES256_GCM,data:Js2brgjlBoKxeMOohg==,iv:0weya5DMdEHhA0RE/XMQuX4IsXhi/DlZRZ0Y3uVkWo0=,tag:XzujM7TH5QmjBtd8wZmBZg==,type:str]",
						"content_base64": null,
						"directory_permission": "ENC[AES256_GCM,data:RrrT0A==,iv:oluBuQ+aTN5nddozg3DnF8NNKhOr1Z2oKxjrNWlsfg0=,tag:n85il6EkBJ8tTYTj9ULywg==,type:str]",
						"file_permission": "ENC[AES256_GCM,data:GsrvMA==,iv:ojhCi6kXh/5Cj1ObGcn2lIuFBOYLFY9TZAUx8UvbE4s=,tag:/WDZHX+NefZZI5ogY5Ducg==,type:str]",
						"filename": "ENC[AES256_GCM,data:FkIiN30w4SLVR28MOLqfbmQiiBxAXKPm3Gpzj3o=,iv:3lkGNPUf6/75QwYdsphKB/O9mB5Wjywfqwmnrpo6p2s=,tag:FhsITfm9/oQ271q4p42wUQ==,type:str]",
						"id": "ENC[AES256_GCM,data:SOUekLpDxcqbKGfLhsb+POqvxLQjtfWwtj4HhvUpR414igU4Jw3n7w==,iv:J1vliWIR9u8h/ZcXX31RvwnxlNiVps2lAjDWWE+5634=,tag:pAplWXNE4tlXsEDkgLEhpg==,type:str]",
						"sensitive_content": null,
						"source": null
					},
					"sensitive_attributes": [],
					"private": "bnVsbA=="
				}
			]
		}
	],
	"sops": {
		"kms": null,
		"gcp_kms": null,
		"azure_kv": null,
		"hc_vault": null,
		"age": [
			{
				"recipient": "age1vlj0n68ayuhwsf7lnw7fq6thqz3vqs586phwy28flr6m7l9qzqaszl6ee8",
				"enc": "-----BEGIN AGE ENCRYPTED FILE-----\nYWdlLWVuY3J5cHRpb24ub3JnL3YxCi0+IFgyNTUxOSBRclZmMmhScWd5MHBZQlAx\neThPQllKaURzTDBpM1o5aFgrRmhkQUZBTW1rCmN1R3JweHFTUzJ6OFNUaTJvWXhE\nT0tlU2QzWHlMcFRzSFJKU1ErYjlhZ28KLS0tIGNHT2Y0UzVCMGc2c1hrSjhQSmRH\nSG03dmFxYzkxYXY5WFhzd2RsZ0htUWsK/5brkyTlg1MGX4P9sOXSc/cEqTuKnwge\nbzOHeJF7X3VI7J4fKU2xcgCxk49UEMwVkeLA6JUNqzmXk6HH38SqEw==\n-----END AGE ENCRYPTED FILE-----\n"
			}
		],
		"lastmodified": "2022-08-09T01:22:45Z",
		"mac": "ENC[AES256_GCM,data:fK/ugJNcZaN66olAAYO8B73uTbjNUi6vbXuez8cu6ItlIygtqhmjtBMBLcBpvgn4PyTMChvPc9mBSHBbkas/iidWcinzPTQQE4/Epq6V/eQBii90ft3/L3FwM332DAAvfVbalCZ1F1sSw02ATzfWLVjA0E0i1OFaSOnsvL/P1uk=,iv:hTn1yUkLCm3OXPNMqr2IShJCzg4tcqU3UGha7NmxdIQ=,tag:0X3UCtl6dF09iwnxOUNpkQ==,type:str]",
		"pgp": null,
		"encrypted_regex": "^attributes$",
		"version": "3.7.3"
	}
}